<?xml version="1.0" encoding="utf-8"?>
<Project ToolsVersion="4.0" xmlns="http://schemas.microsoft.com/developer/msbuild/2003">
  <ItemGroup>
    <Filter Include="소스 파일">
      <UniqueIdentifier>{4FC737F1-C7A5-4376-A066-2A32D752A2FF}</UniqueIdentifier>
      <Extensions>cpp;c;cc;cxx;c++;cppm;ixx;def;odl;idl;hpj;bat;asm;asmx</Extensions>
    </Filter>
    <Filter Include="헤더 파일">
      <UniqueIdentifier>{93995380-89BD-4b04-88EB-625FBE52EBFB}</UniqueIdentifier>
      <Extensions>h;hh;hpp;hxx;h++;hm;inl;inc;ipp;xsd</Extensions>
    </Filter>
    <Filter Include="리소스 파일">
      <UniqueIdentifier>{67DA6AB6-F800-4c08-8B7A-83BB121AAD01}</UniqueIdentifier>
      <Extensions>rc;ico;cur;bmp;dlg;rc2;rct;bin;rgs;gif;jpg;jpeg;jpe;resx;tiff;tif;png;wav;mfcribbon-ms</Extensions>
    </Filter>
    <Filter Include="소스 파일\module">
      <UniqueIdentifier>{3b34be60-d6d0-4d1a-a73f-5e20de1046ed}</UniqueIdentifier>
    </Filter>
    <Filter Include="소스 파일\concept">
      <UniqueIdentifier>{ddb959a9-0191-43ba-8185-3bb22841c7dd}</UniqueIdentifier>
    </Filter>
    <Filter Include="소스 파일\spaceshipOperator">
      <UniqueIdentifier>{bb9fd686-c656-4c09-9681-718a90c3fd19}</UniqueIdentifier>
    </Filter>
    <Filter Include="소스 파일\template">
      <UniqueIdentifier>{5f0df73e-6bac-4968-9778-2e3036925518}</UniqueIdentifier>
    </Filter>
    <Filter Include="소스 파일\lambda">
      <UniqueIdentifier>{4bdd329d-b675-413d-a6df-18bbf3e4d6b5}</UniqueIdentifier>
    </Filter>
    <Filter Include="소스 파일\etc">
      <UniqueIdentifier>{c32374e3-4879-4f7a-8c4a-6b21154a6ab8}</UniqueIdentifier>
    </Filter>
    <Filter Include="소스 파일\range">
      <UniqueIdentifier>{c3cecedf-bd95-4021-90de-fe9aaddc5016}</UniqueIdentifier>
    </Filter>
    <Filter Include="소스 파일\coroutine">
      <UniqueIdentifier>{4b207424-bce0-4a25-825a-785bbf8034bd}</UniqueIdentifier>
    </Filter>
    <Filter Include="소스 파일\not_C++20">
      <UniqueIdentifier>{331b82da-814e-45f7-bbf9-25b67f648e24}</UniqueIdentifier>
    </Filter>
    <Filter Include="소스 파일\span">
      <UniqueIdentifier>{bce497e9-5b39-4a30-b4ca-9c3b28388e2f}</UniqueIdentifier>
    </Filter>
    <Filter Include="소스 파일\atomic">
      <UniqueIdentifier>{52235c33-e87c-4ccf-ab44-44c4a71fa8a8}</UniqueIdentifier>
    </Filter>
    <Filter Include="소스 파일\semaphore">
      <UniqueIdentifier>{7a1dd21e-abc5-46a2-ae33-0f6a0db935a2}</UniqueIdentifier>
    </Filter>
    <Filter Include="소스 파일\latchAndBarrier">
      <UniqueIdentifier>{5ce8a211-e824-491e-98c7-f758bc3e562a}</UniqueIdentifier>
    </Filter>
    <Filter Include="소스 파일\not_C++20\template">
      <UniqueIdentifier>{6e1f9020-18e3-45ed-b096-4d7c28708fcf}</UniqueIdentifier>
    </Filter>
    <Filter Include="소스 파일\withJThread">
      <UniqueIdentifier>{8c4d4de4-049e-4400-a927-5bf022d6abe0}</UniqueIdentifier>
    </Filter>
    <Filter Include="소스 파일\future">
      <UniqueIdentifier>{727f8c24-f5a2-43a2-8d11-b10f92699952}</UniqueIdentifier>
    </Filter>
    <Filter Include="소스 파일\not_C++20\algorithm">
      <UniqueIdentifier>{e366da46-5fe5-443d-81a1-889354f09266}</UniqueIdentifier>
    </Filter>
    <Filter Include="소스 파일\not_C++20\algorithm\Memoization">
      <UniqueIdentifier>{15cd1705-6793-450a-9bb5-a4dbdef181b3}</UniqueIdentifier>
    </Filter>
    <Filter Include="소스 파일\not_C++20\algorithm\DFS">
      <UniqueIdentifier>{3bad8c98-202f-4566-8e21-b60942500ec2}</UniqueIdentifier>
    </Filter>
  </ItemGroup>
  <ItemGroup>
    <ClCompile Include="ModuleTest.cpp">
      <Filter>소스 파일\module</Filter>
    </ClCompile>
    <ClCompile Include="Math.ixx">
      <Filter>소스 파일\module</Filter>
    </ClCompile>
    <ClCompile Include="Math.cpp">
      <Filter>소스 파일\module</Filter>
    </ClCompile>
    <ClCompile Include="MathModule1.ixx">
      <Filter>소스 파일\module</Filter>
    </ClCompile>
    <ClCompile Include="MathModule2.ixx">
      <Filter>소스 파일\module</Filter>
    </ClCompile>
    <ClCompile Include="MathPartition1.ixx">
      <Filter>소스 파일\module</Filter>
    </ClCompile>
    <ClCompile Include="MathPartition2.ixx">
      <Filter>소스 파일\module</Filter>
    </ClCompile>
    <ClCompile Include="ConceptTest.cpp">
      <Filter>소스 파일\concept</Filter>
    </ClCompile>
    <ClCompile Include="mathPartition.ixx">
      <Filter>소스 파일\module</Filter>
    </ClCompile>
    <ClCompile Include="MathModuleTemplate.ixx">
      <Filter>소스 파일\module</Filter>
    </ClCompile>
    <ClCompile Include="ThreewayComparison.cpp">
      <Filter>소스 파일\spaceshipOperator</Filter>
    </ClCompile>
    <ClCompile Include="StrongWeakPartial.cpp">
      <Filter>소스 파일\spaceshipOperator</Filter>
    </ClCompile>
    <ClCompile Include="VariantWrapper.h">
      <Filter>소스 파일\template</Filter>
    </ClCompile>
    <ClCompile Include="ImplicitExplicitGenericConstructor.cpp">
      <Filter>소스 파일\template</Filter>
    </ClCompile>
    <ClCompile Include="TemplateLambda.cpp">
      <Filter>소스 파일\lambda</Filter>
    </ClCompile>
    <ClCompile Include="rangeBaseForLoopInit.cpp">
      <Filter>소스 파일\etc</Filter>
    </ClCompile>
    <ClCompile Include="enumUsing.cpp">
      <Filter>소스 파일\etc</Filter>
    </ClCompile>
    <ClCompile Include="BitField.cpp">
      <Filter>소스 파일\etc</Filter>
    </ClCompile>
    <ClCompile Include="range.cpp">
      <Filter>소스 파일\range</Filter>
    </ClCompile>
    <ClCompile Include="coroutine.cpp">
      <Filter>소스 파일\coroutine</Filter>
    </ClCompile>
    <ClCompile Include="dynamic_cast.cpp">
      <Filter>소스 파일\not_C++20</Filter>
    </ClCompile>
    <ClCompile Include="virtual_private.cpp">
      <Filter>소스 파일\not_C++20</Filter>
    </ClCompile>
    <ClCompile Include="SFINAE.cpp">
      <Filter>소스 파일\not_C++20</Filter>
    </ClCompile>
    <ClCompile Include="span.cpp">
      <Filter>소스 파일\span</Filter>
    </ClCompile>
    <ClCompile Include="atomicref.cpp">
      <Filter>소스 파일\atomic</Filter>
    </ClCompile>
    <ClCompile Include="ThreadSafeSinglyLinkedList.h">
      <Filter>소스 파일\atomic</Filter>
    </ClCompile>
    <ClCompile Include="ThreadSafeSinglyLinkedListTest.cpp">
      <Filter>소스 파일\atomic</Filter>
    </ClCompile>
    <ClCompile Include="AtomicFlag.cpp">
      <Filter>소스 파일\atomic</Filter>
    </ClCompile>
    <ClCompile Include="threadSyncBySemaphore.cpp">
      <Filter>소스 파일\semaphore</Filter>
    </ClCompile>
    <ClCompile Include="latch.cpp">
      <Filter>소스 파일\latchAndBarrier</Filter>
    </ClCompile>
    <ClCompile Include="barrier.cpp">
      <Filter>소스 파일\latchAndBarrier</Filter>
    </ClCompile>
    <ClCompile Include="foreach.cpp">
      <Filter>소스 파일\not_C++20\template</Filter>
    </ClCompile>
    <ClCompile Include="foreachInvoke.hpp">
      <Filter>소스 파일\not_C++20\template</Filter>
    </ClCompile>
    <ClCompile Include="foreachInvoke.cpp">
      <Filter>소스 파일\not_C++20\template</Filter>
    </ClCompile>
    <ClCompile Include="invokeCallback.cpp">
      <Filter>소스 파일\withJThread</Filter>
    </ClCompile>
    <ClCompile Include="signalStopRequests.cpp">
      <Filter>소스 파일\withJThread</Filter>
    </ClCompile>
    <ClCompile Include="conditionVariableAny.cpp">
      <Filter>소스 파일\withJThread</Filter>
    </ClCompile>
    <ClCompile Include="interruptJThread.cpp">
      <Filter>소스 파일\withJThread</Filter>
    </ClCompile>
    <ClCompile Include="coutSynchronized.cpp">
      <Filter>소스 파일\etc</Filter>
    </ClCompile>
    <ClCompile Include="pingPongConditionVariable.cpp">
      <Filter>소스 파일\withJThread</Filter>
    </ClCompile>
    <ClCompile Include="pingPongAtomicFlag.cpp">
      <Filter>소스 파일\withJThread</Filter>
    </ClCompile>
    <ClCompile Include="pingPongAtomicBool.cpp">
      <Filter>소스 파일\withJThread</Filter>
    </ClCompile>
    <ClCompile Include="pingPongSemaphore.cpp">
      <Filter>소스 파일\withJThread</Filter>
    </ClCompile>
    <ClCompile Include="eagerFutureWithComments.cpp">
      <Filter>소스 파일\future</Filter>
    </ClCompile>
    <ClCompile Include="lazyFuture.cpp">
      <Filter>소스 파일\future</Filter>
    </ClCompile>
    <ClCompile Include="infiniteDataStreamComments.cpp">
      <Filter>소스 파일\coroutine</Filter>
    </ClCompile>
    <ClCompile Include="parameterRefence.cpp">
      <Filter>소스 파일</Filter>
    </ClCompile>
    <ClCompile Include="refError.cpp">
      <Filter>소스 파일</Filter>
    </ClCompile>
    <ClCompile Include="refError2.cpp">
      <Filter>소스 파일</Filter>
    </ClCompile>
    <ClCompile Include="delayEvaluation.cpp">
      <Filter>소스 파일\not_C++20\template</Filter>
    </ClCompile>
    <ClCompile Include="DFSAndBFS.cpp">
      <Filter>소스 파일\not_C++20\algorithm</Filter>
    </ClCompile>
    <ClCompile Include="trie.cpp">
      <Filter>소스 파일\not_C++20\algorithm</Filter>
    </ClCompile>
    <ClCompile Include="Jump.cpp">
      <Filter>소스 파일\not_C++20\algorithm\Memoization</Filter>
    </ClCompile>
    <ClCompile Include="Wildcard.cpp">
      <Filter>소스 파일\not_C++20\algorithm\Memoization</Filter>
    </ClCompile>
    <ClCompile Include="Dictionary.cpp">
      <Filter>소스 파일\not_C++20\algorithm\DFS</Filter>
    </ClCompile>
    <ClCompile Include="implicit.cpp">
      <Filter>소스 파일\not_C++20\template</Filter>
    </ClCompile>
  </ItemGroup>
  <ItemGroup>
    <ClInclude Include="foreach.hpp">
      <Filter>소스 파일\not_C++20\template</Filter>
    </ClInclude>
    <ClInclude Include="invoke.hpp">
      <Filter>헤더 파일</Filter>
    </ClInclude>
    <ClInclude Include="maxDefaultDecival.hpp">
      <Filter>소스 파일\not_C++20\template</Filter>
    </ClInclude>
    <ClInclude Include="Headers.h">
      <Filter>헤더 파일</Filter>
    </ClInclude>
    <ClInclude Include="ParameterPack.hpp">
      <Filter>소스 파일\not_C++20\template</Filter>
    </ClInclude>
  </ItemGroup>
</Project>